
Microsoft Visual Studio Solution File, Format Version 12.00
# Visual Studio Version 16
VisualStudioVersion = 16.0.30320.27
MinimumVisualStudioVersion = 10.0.40219.1
Project("{FAE04EC0-301F-11D3-BF4B-00C04F79EFBC}") = "CsvImport", "CsvImport\CsvImport.csproj", "{229878A9-121C-49AC-B4E0-7844E74D9649}"
EndProject
Global
	GlobalSection(SolutionConfigurationPlatforms) = preSolution
		Debug|Any CPU = Debug|Any CPU
		Release|Any CPU = Release|Any CPU
	EndGlobalSection
	GlobalSection(ProjectConfigurationPlatforms) = postSolution
		{229878A9-121C-49AC-B4E0-7844E74D9649}.Debug|Any CPU.ActiveCfg = Debug|Any CPU
		{229878A9-121C-49AC-B4E0-7844E74D9649}.Debug|Any CPU.Build.0 = Debug|Any CPU
		{229878A9-121C-49AC-B4E0-7844E74D9649}.Release|Any CPU.ActiveCfg = Release|Any CPU
		{229878A9-121C-49AC-B4E0-7844E74D9649}.Release|Any CPU.Build.0 = Release|Any CPU
	EndGlobalSection
	GlobalSection(SolutionProperties) = preSolution
		HideSolutionNode = FALSE
	EndGlobalSection
	GlobalSection(ExtensibilityGlobals) = postSolution
		SolutionGuid = {C3181776-9AE8-416B-98B2-3095782BC356}
	EndGlobalSection
EndGlobal
